{
  "version": 4,
  "terraform_version": "1.5.2",
  "serial": 35,
  "lineage": "0de5256a-f067-238f-e995-68452de8267a",
  "outputs": {},
  "resources": [
    {
      "mode": "managed",
      "type": "newrelic_alert_policy",
      "name": "generic_policy",
      "provider": "provider[\"registry.terraform.io/newrelic/newrelic\"]",
      "instances": [
        {
          "schema_version": 0,
          "attributes": {
            "account_id": 4154167,
            "channel_ids": null,
            "id": "4795556",
            "incident_preference": "PER_POLICY",
            "name": "Project Generic"
          },
          "sensitive_attributes": [],
          "private": "bnVsbA=="
        }
      ]
    },
    {
      "mode": "managed",
      "type": "newrelic_infra_alert_condition",
      "name": "cpu",
      "provider": "provider[\"registry.terraform.io/newrelic/newrelic\"]",
      "instances": [
        {
          "schema_version": 0,
          "attributes": {
            "comparison": "above",
            "created_at": 1695470196,
            "critical": [
              {
                "duration": 5,
                "time_function": "all",
                "value": 90
              }
            ],
            "description": "Warning if CPU usage goes above 60% and critical alert if goes above 80%",
            "enabled": true,
            "entity_guid": "NDE1NDE2N3xBSU9QU3xDT05ESVRJT058MzY2NTgzMTM",
            "event": "SystemSample",
            "id": "4795556:36658313",
            "integration_provider": null,
            "name": "High CPU usage",
            "policy_id": 4795556,
            "process_where": null,
            "runbook_url": "",
            "select": "cpuPercent",
            "type": "infra_metric",
            "updated_at": 1695472710,
            "violation_close_timer": 24,
            "warning": [],
            "where": null
          },
          "sensitive_attributes": [],
          "private": "bnVsbA==",
          "dependencies": [
            "newrelic_alert_policy.generic_policy"
          ]
        }
      ]
    },
    {
      "mode": "managed",
      "type": "newrelic_infra_alert_condition",
      "name": "host_not_reporting",
      "provider": "provider[\"registry.terraform.io/newrelic/newrelic\"]",
      "instances": [
        {
          "schema_version": 0,
          "attributes": {
            "comparison": "",
            "created_at": 1695472710,
            "critical": [
              {
                "duration": 5,
                "time_function": "",
                "value": 0
              }
            ],
            "description": "Critical alert when the host is not reporting",
            "enabled": true,
            "entity_guid": "NDE1NDE2N3xBSU9QU3xDT05ESVRJT058MzY2NTg2Njg",
            "event": "",
            "id": "4795556:36658668",
            "integration_provider": null,
            "name": "Host not reporting",
            "policy_id": 4795556,
            "process_where": null,
            "runbook_url": "",
            "select": "",
            "type": "infra_host_not_reporting",
            "updated_at": 1695472710,
            "violation_close_timer": 24,
            "warning": [],
            "where": null
          },
          "sensitive_attributes": [],
          "private": "bnVsbA==",
          "dependencies": [
            "newrelic_alert_policy.generic_policy"
          ]
        }
      ]
    },
    {
      "mode": "managed",
      "type": "newrelic_infra_alert_condition",
      "name": "memory",
      "provider": "provider[\"registry.terraform.io/newrelic/newrelic\"]",
      "instances": [
        {
          "schema_version": 0,
          "attributes": {
            "comparison": "above",
            "created_at": 1695470196,
            "critical": [
              {
                "duration": 5,
                "time_function": "all",
                "value": 10
              }
            ],
            "description": "Critical alert if memory usage goes above 90% for 5 minutes",
            "enabled": true,
            "entity_guid": "NDE1NDE2N3xBSU9QU3xDT05ESVRJT058MzY2NTgzMTI",
            "event": "SystemSample",
            "id": "4795556:36658312",
            "integration_provider": null,
            "name": "High Memory usage",
            "policy_id": 4795556,
            "process_where": null,
            "runbook_url": "",
            "select": "memoryUsedPercent",
            "type": "infra_metric",
            "updated_at": 1695532379,
            "violation_close_timer": 24,
            "warning": [],
            "where": null
          },
          "sensitive_attributes": [],
          "private": "bnVsbA==",
          "dependencies": [
            "newrelic_alert_policy.generic_policy"
          ]
        }
      ]
    },
    {
      "mode": "managed",
      "type": "newrelic_notification_channel",
      "name": "webhook_auto_recover_service_channel",
      "provider": "provider[\"registry.terraform.io/newrelic/newrelic\"]",
      "instances": [
        {
          "schema_version": 0,
          "attributes": {
            "account_id": 4154167,
            "active": true,
            "destination_id": "78ba9b4c-bcbc-495a-b7cb-9b0cd5848c28",
            "id": "0e287594-99b3-4336-8838-ac98b4a0506d",
            "name": "rundeck-auto-recover-service-channel-webhook",
            "product": "IINT",
            "property": [
              {
                "display_value": "",
                "key": "payload",
                "label": "",
                "value": "   {\n\"host\": {{ json accumulations.tag.hostname.[0] }},\n\"condition_name\": {{ json accumulations.conditionName.[0] }},\n\"timestamp\": {{ createdAt }},\n\"instance_id\" : {{ json accumulations.tag.host.id.[0] }}\n   }\n"
              }
            ],
            "status": "DEFAULT",
            "type": "WEBHOOK"
          },
          "sensitive_attributes": [],
          "private": "bnVsbA==",
          "dependencies": [
            "newrelic_notification_destination.new_webhook_rundeck_auto_recover_service_destination"
          ]
        }
      ]
    },
    {
      "mode": "managed",
      "type": "newrelic_notification_destination",
      "name": "new_webhook_rundeck_auto_recover_service_destination",
      "provider": "provider[\"registry.terraform.io/newrelic/newrelic\"]",
      "instances": [
        {
          "schema_version": 1,
          "attributes": {
            "account_id": 4154167,
            "active": true,
            "auth_basic": [],
            "auth_token": [],
            "id": "78ba9b4c-bcbc-495a-b7cb-9b0cd5848c28",
            "last_sent": "",
            "name": "new-webhook-rundeck-auto-recover-service-destination",
            "property": [
              {
                "display_value": "",
                "key": "url",
                "label": "",
                "value": "http://13.235.0.73:4440/api/41/webhook/QpGMFVfz8eT4Im8p3fsRn1gtNsgBfbwQ#EC2_Auto_Recovery_"
              }
            ],
            "status": "DEFAULT",
            "type": "WEBHOOK"
          },
          "sensitive_attributes": [],
          "private": "eyJzY2hlbWFfdmVyc2lvbiI6IjEifQ=="
        }
      ]
    },
    {
      "mode": "managed",
      "type": "newrelic_workflow",
      "name": "workflow_auto_recover_service",
      "provider": "provider[\"registry.terraform.io/newrelic/newrelic\"]",
      "instances": [
        {
          "schema_version": 1,
          "attributes": {
            "account_id": 4154167,
            "destination": [
              {
                "channel_id": "0e287594-99b3-4336-8838-ac98b4a0506d",
                "name": "rundeck-auto-recover-service-channel-webhook",
                "notification_triggers": [
                  "ACKNOWLEDGED",
                  "ACTIVATED",
                  "CLOSED",
                  "PRIORITY_CHANGED"
                ],
                "type": "WEBHOOK"
              }
            ],
            "destinations_enabled": true,
            "enabled": true,
            "enrichments": [],
            "enrichments_enabled": true,
            "guid": "NDE1NDE2N3xBSU9QU3xXT1JLRkxPV3w3OWE2OWY4MC0wYjhjLTQ1NTUtYWU4Zi1mMzA4NGIyNWMzMzM",
            "id": "79a69f80-0b8c-4555-ae8f-f3084b25c333",
            "issues_filter": [
              {
                "filter_id": "febb04d6-cb68-411f-8b51-c96b6cdbc0e0",
                "name": "filter--project--generic",
                "predicate": [
                  {
                    "attribute": "labels.policyIds",
                    "operator": "EXACTLY_MATCHES",
                    "values": [
                      "4795556"
                    ]
                  }
                ],
                "type": "FILTER"
              }
            ],
            "last_run": "2023-09-24T05:32:32.643668Z",
            "muting_rules_handling": "NOTIFY_ALL_ISSUES",
            "name": "auto-recover-service-",
            "workflow_id": "79a69f80-0b8c-4555-ae8f-f3084b25c333"
          },
          "sensitive_attributes": [],
          "private": "eyJzY2hlbWFfdmVyc2lvbiI6IjEifQ==",
          "dependencies": [
            "newrelic_notification_channel.webhook_auto_recover_service_channel",
            "newrelic_notification_destination.new_webhook_rundeck_auto_recover_service_destination"
          ]
        }
      ]
    }
  ],
  "check_results": null
}
